schema: '2.0'
stages:
  load_data:
    cmd: python src/stage_01_load_ans_save.py --config=params.yaml
    deps:
    - path: src/stage_01_load_ans_save.py
      md5: b9c3b89f862030cb5b9feb88aa2d4bd0
      size: 1210
    params:
      params.yaml:
        artifacts.raw_local_data: artifacts/raw_local_data_dir/data.csv
        data_source.s3_source: https://raw.githubusercontent.com/shrikant-temburwar/Wine-Quality-Dataset/master/winequality-red.csv
    outs:
    - path: artifacts/raw_local_data_dir/data.csv
      md5: 7c92f1ee593c0fbd2ad8c67ba5c446df
      size: 93599
  split_data:
    cmd: python src/stage_02_split_data.py --config=params.yaml
    deps:
    - path: artifacts/raw_local_data_dir/data.csv
      md5: 7c92f1ee593c0fbd2ad8c67ba5c446df
      size: 93599
    - path: src/stage_02_split_data.py
      md5: 8c6166df66af20a5f7336c3619d4c7fc
      size: 1483
    - path: src/utils/common_utils.py
      md5: ffede1fcf6a94fe5915306a31e875b00
      size: 1187
    params:
      params.yaml:
        artifacts.raw_local_data: artifacts/raw_local_data_dir/data.csv
        artifacts.split_data.processed_data_dir: artifacts/processed_data
        artifacts.split_data.test_path: artifacts/processed_data/test.csv
        artifacts.split_data.train_path: artifacts/processed_data/train.csv
        base.random_state: 42
        base.test_size: 0.2
    outs:
    - path: artifacts/processed_data/test.csv
      md5: b31a4073fa82bc444fd5683cb5cf7e76
      size: 18832
    - path: artifacts/processed_data/train.csv
      md5: 0196b80fbeb701453fe0052e35635db2
      size: 74914
